
Microsoft Visual Studio Solution File, Format Version 12.00
# Visual Studio Version 16
VisualStudioVersion = 16.0.31515.178
MinimumVisualStudioVersion = 10.0.40219.1
Project("{9A19103F-16F7-4668-BE54-9A1E7A4F7556}") = "WebAppHtmlToExcel", "WebAppHtmlToExcel\WebAppHtmlToExcel.csproj", "{D9B5D67B-9958-418A-83E2-3ACD33546636}"
EndProject
Project("{9A19103F-16F7-4668-BE54-9A1E7A4F7556}") = "WebAppHtmlToExcelv45", "WebAppHtmlToExcelv45\WebAppHtmlToExcelv45.csproj", "{07DC9474-57ED-416C-BC4B-86F0BB19E2A2}"
EndProject
Global
	GlobalSection(SolutionConfigurationPlatforms) = preSolution
		Debug|Any CPU = Debug|Any CPU
		Release|Any CPU = Release|Any CPU
	EndGlobalSection
	GlobalSection(ProjectConfigurationPlatforms) = postSolution
		{D9B5D67B-9958-418A-83E2-3ACD33546636}.Debug|Any CPU.ActiveCfg = Debug|Any CPU
		{D9B5D67B-9958-418A-83E2-3ACD33546636}.Debug|Any CPU.Build.0 = Debug|Any CPU
		{D9B5D67B-9958-418A-83E2-3ACD33546636}.Release|Any CPU.ActiveCfg = Release|Any CPU
		{D9B5D67B-9958-418A-83E2-3ACD33546636}.Release|Any CPU.Build.0 = Release|Any CPU
		{07DC9474-57ED-416C-BC4B-86F0BB19E2A2}.Debug|Any CPU.ActiveCfg = Debug|Any CPU
		{07DC9474-57ED-416C-BC4B-86F0BB19E2A2}.Debug|Any CPU.Build.0 = Debug|Any CPU
		{07DC9474-57ED-416C-BC4B-86F0BB19E2A2}.Release|Any CPU.ActiveCfg = Release|Any CPU
		{07DC9474-57ED-416C-BC4B-86F0BB19E2A2}.Release|Any CPU.Build.0 = Release|Any CPU
	EndGlobalSection
	GlobalSection(SolutionProperties) = preSolution
		HideSolutionNode = FALSE
	EndGlobalSection
	GlobalSection(ExtensibilityGlobals) = postSolution
		SolutionGuid = {19E19F23-4C56-4AC4-AD89-2E21B86650EF}
	EndGlobalSection
EndGlobal
